
Microsoft Visual Studio Solution File, Format Version 12.00
# Visual Studio 14
VisualStudioVersion = 14.0.25420.1
MinimumVisualStudioVersion = 10.0.40219.1
Project("{FAE04EC0-301F-11D3-BF4B-00C04F79EFBC}") = "DeskTop", "DeskTop\DeskTop.csproj", "{E2DB5F19-34FC-4D91-88C4-A1F0D1F04996}"
EndProject
Project("{FAE04EC0-301F-11D3-BF4B-00C04F79EFBC}") = "UnitTestProject", "UnitTestProject\UnitTestProject.csproj", "{F59866CB-9B0E-44A3-8FA5-9F11E7F7D944}"
EndProject
Global
	GlobalSection(SolutionConfigurationPlatforms) = preSolution
		Debug|Any CPU = Debug|Any CPU
		Release|Any CPU = Release|Any CPU
	EndGlobalSection
	GlobalSection(ProjectConfigurationPlatforms) = postSolution
		{E2DB5F19-34FC-4D91-88C4-A1F0D1F04996}.Debug|Any CPU.ActiveCfg = Debug|Any CPU
		{E2DB5F19-34FC-4D91-88C4-A1F0D1F04996}.Debug|Any CPU.Build.0 = Debug|Any CPU
		{E2DB5F19-34FC-4D91-88C4-A1F0D1F04996}.Release|Any CPU.ActiveCfg = Release|Any CPU
		{E2DB5F19-34FC-4D91-88C4-A1F0D1F04996}.Release|Any CPU.Build.0 = Release|Any CPU
		{F59866CB-9B0E-44A3-8FA5-9F11E7F7D944}.Debug|Any CPU.ActiveCfg = Debug|Any CPU
		{F59866CB-9B0E-44A3-8FA5-9F11E7F7D944}.Debug|Any CPU.Build.0 = Debug|Any CPU
		{F59866CB-9B0E-44A3-8FA5-9F11E7F7D944}.Release|Any CPU.ActiveCfg = Release|Any CPU
		{F59866CB-9B0E-44A3-8FA5-9F11E7F7D944}.Release|Any CPU.Build.0 = Release|Any CPU
	EndGlobalSection
	GlobalSection(SolutionProperties) = preSolution
		HideSolutionNode = FALSE
	EndGlobalSection
EndGlobal
